
Microsoft Visual Studio Solution File, Format Version 12.00
# Visual Studio 15
VisualStudioVersion = 15.0.28307.168
MinimumVisualStudioVersion = 10.0.40219.1
Project("{FAE04EC0-301F-11D3-BF4B-00C04F79EFBC}") = "HelloWorld", "HelloWorld\HelloWorld.csproj", "{507449F5-ED85-49AA-9904-FF521754762D}"
EndProject
Project("{FAE04EC0-301F-11D3-BF4B-00C04F79EFBC}") = "Ratespiel", "Ratespiel\Ratespiel.csproj", "{B887BF82-0BAE-41D9-A7F0-1C7E17263DC8}"
EndProject
Project("{FAE04EC0-301F-11D3-BF4B-00C04F79EFBC}") = "Lotto", "Lotto\Lotto.csproj", "{A287161E-9A1D-4D51-8844-2FCD0430A1DC}"
EndProject
Project("{FAE04EC0-301F-11D3-BF4B-00C04F79EFBC}") = "Taschenrechner", "Taschenrechner\Taschenrechner.csproj", "{CDCEB4EB-E4A8-45D0-809C-B133CC680438}"
EndProject
Project("{FAE04EC0-301F-11D3-BF4B-00C04F79EFBC}") = "RaumKlassen", "RaumKlassen\RaumKlassen.csproj", "{474020C8-C130-4A20-8B78-010C6FF3B262}"
EndProject
Project("{FAE04EC0-301F-11D3-BF4B-00C04F79EFBC}") = "Hochzeitssimulator", "Hochzeitssimulator\Hochzeitssimulator.csproj", "{4D13C9EC-B40E-4F55-A06C-16D5B7C35C3C}"
EndProject
Project("{2150E333-8FDC-42A3-9474-1A3956D46DE8}") = "Kaffeeprojekte", "Kaffeeprojekte", "{109FEEE1-7A8D-4048-9E6B-6B283E5F0D2A}"
EndProject
Project("{FAE04EC0-301F-11D3-BF4B-00C04F79EFBC}") = "KaffeeBibliothek", "KaffeeBibliothek\KaffeeBibliothek.csproj", "{30057D57-8059-4BEF-A4AC-6E3F67462790}"
EndProject
Project("{FAE04EC0-301F-11D3-BF4B-00C04F79EFBC}") = "KaffeeBibliothekTests", "KaffeeBibliothekTests\KaffeeBibliothekTests.csproj", "{60DD9331-EEBE-4130-8197-F8F9F5103B9E}"
EndProject
Project("{FAE04EC0-301F-11D3-BF4B-00C04F79EFBC}") = "MisterBarista", "MisterBarista\MisterBarista.csproj", "{266D922A-CDDE-4D23-B3EA-A39D83B9CF7E}"
EndProject
Project("{FAE04EC0-301F-11D3-BF4B-00C04F79EFBC}") = "FloatHelper", "FloatHelper\FloatHelper.csproj", "{EAFAF513-1E76-43E3-87A3-AF11DD6617B3}"
EndProject
Project("{FAE04EC0-301F-11D3-BF4B-00C04F79EFBC}") = "Delegates", "Delegates\Delegates.csproj", "{025646FF-0274-473C-92FA-AC93603CE3B7}"
EndProject
Project("{9A19103F-16F7-4668-BE54-9A1E7A4F7556}") = "Interfaces", "Interfaces\Interfaces.csproj", "{F80E1C75-436D-4D25-A0DF-470C6C1C7D37}"
EndProject
Project("{2150E333-8FDC-42A3-9474-1A3956D46DE8}") = "BonusThemen", "BonusThemen", "{77FF0F94-8027-4001-BF42-7A23578B54F6}"
EndProject
Project("{FAE04EC0-301F-11D3-BF4B-00C04F79EFBC}") = "WetterApp", "WetterApp\WetterApp.csproj", "{2624B735-5A3E-43C1-AC51-01B601D4650D}"
EndProject
Project("{FAE04EC0-301F-11D3-BF4B-00C04F79EFBC}") = "CSV_Serialisierung", "CSV_Serialisierung\CSV_Serialisierung.csproj", "{80684B72-0FEB-4DE7-9102-6B22FDB79B79}"
EndProject
Global
	GlobalSection(SolutionConfigurationPlatforms) = preSolution
		Debug|Any CPU = Debug|Any CPU
		Release|Any CPU = Release|Any CPU
	EndGlobalSection
	GlobalSection(ProjectConfigurationPlatforms) = postSolution
		{507449F5-ED85-49AA-9904-FF521754762D}.Debug|Any CPU.ActiveCfg = Debug|Any CPU
		{507449F5-ED85-49AA-9904-FF521754762D}.Debug|Any CPU.Build.0 = Debug|Any CPU
		{507449F5-ED85-49AA-9904-FF521754762D}.Release|Any CPU.ActiveCfg = Release|Any CPU
		{507449F5-ED85-49AA-9904-FF521754762D}.Release|Any CPU.Build.0 = Release|Any CPU
		{B887BF82-0BAE-41D9-A7F0-1C7E17263DC8}.Debug|Any CPU.ActiveCfg = Debug|Any CPU
		{B887BF82-0BAE-41D9-A7F0-1C7E17263DC8}.Debug|Any CPU.Build.0 = Debug|Any CPU
		{B887BF82-0BAE-41D9-A7F0-1C7E17263DC8}.Release|Any CPU.ActiveCfg = Release|Any CPU
		{B887BF82-0BAE-41D9-A7F0-1C7E17263DC8}.Release|Any CPU.Build.0 = Release|Any CPU
		{A287161E-9A1D-4D51-8844-2FCD0430A1DC}.Debug|Any CPU.ActiveCfg = Debug|Any CPU
		{A287161E-9A1D-4D51-8844-2FCD0430A1DC}.Debug|Any CPU.Build.0 = Debug|Any CPU
		{A287161E-9A1D-4D51-8844-2FCD0430A1DC}.Release|Any CPU.ActiveCfg = Release|Any CPU
		{A287161E-9A1D-4D51-8844-2FCD0430A1DC}.Release|Any CPU.Build.0 = Release|Any CPU
		{CDCEB4EB-E4A8-45D0-809C-B133CC680438}.Debug|Any CPU.ActiveCfg = Debug|Any CPU
		{CDCEB4EB-E4A8-45D0-809C-B133CC680438}.Debug|Any CPU.Build.0 = Debug|Any CPU
		{CDCEB4EB-E4A8-45D0-809C-B133CC680438}.Release|Any CPU.ActiveCfg = Release|Any CPU
		{CDCEB4EB-E4A8-45D0-809C-B133CC680438}.Release|Any CPU.Build.0 = Release|Any CPU
		{474020C8-C130-4A20-8B78-010C6FF3B262}.Debug|Any CPU.ActiveCfg = Debug|Any CPU
		{474020C8-C130-4A20-8B78-010C6FF3B262}.Debug|Any CPU.Build.0 = Debug|Any CPU
		{474020C8-C130-4A20-8B78-010C6FF3B262}.Release|Any CPU.ActiveCfg = Release|Any CPU
		{474020C8-C130-4A20-8B78-010C6FF3B262}.Release|Any CPU.Build.0 = Release|Any CPU
		{4D13C9EC-B40E-4F55-A06C-16D5B7C35C3C}.Debug|Any CPU.ActiveCfg = Debug|Any CPU
		{4D13C9EC-B40E-4F55-A06C-16D5B7C35C3C}.Debug|Any CPU.Build.0 = Debug|Any CPU
		{4D13C9EC-B40E-4F55-A06C-16D5B7C35C3C}.Release|Any CPU.ActiveCfg = Release|Any CPU
		{4D13C9EC-B40E-4F55-A06C-16D5B7C35C3C}.Release|Any CPU.Build.0 = Release|Any CPU
		{30057D57-8059-4BEF-A4AC-6E3F67462790}.Debug|Any CPU.ActiveCfg = Debug|Any CPU
		{30057D57-8059-4BEF-A4AC-6E3F67462790}.Debug|Any CPU.Build.0 = Debug|Any CPU
		{30057D57-8059-4BEF-A4AC-6E3F67462790}.Release|Any CPU.ActiveCfg = Release|Any CPU
		{30057D57-8059-4BEF-A4AC-6E3F67462790}.Release|Any CPU.Build.0 = Release|Any CPU
		{60DD9331-EEBE-4130-8197-F8F9F5103B9E}.Debug|Any CPU.ActiveCfg = Debug|Any CPU
		{60DD9331-EEBE-4130-8197-F8F9F5103B9E}.Debug|Any CPU.Build.0 = Debug|Any CPU
		{60DD9331-EEBE-4130-8197-F8F9F5103B9E}.Release|Any CPU.ActiveCfg = Release|Any CPU
		{60DD9331-EEBE-4130-8197-F8F9F5103B9E}.Release|Any CPU.Build.0 = Release|Any CPU
		{266D922A-CDDE-4D23-B3EA-A39D83B9CF7E}.Debug|Any CPU.ActiveCfg = Debug|Any CPU
		{266D922A-CDDE-4D23-B3EA-A39D83B9CF7E}.Debug|Any CPU.Build.0 = Debug|Any CPU
		{266D922A-CDDE-4D23-B3EA-A39D83B9CF7E}.Release|Any CPU.ActiveCfg = Release|Any CPU
		{266D922A-CDDE-4D23-B3EA-A39D83B9CF7E}.Release|Any CPU.Build.0 = Release|Any CPU
		{EAFAF513-1E76-43E3-87A3-AF11DD6617B3}.Debug|Any CPU.ActiveCfg = Debug|Any CPU
		{EAFAF513-1E76-43E3-87A3-AF11DD6617B3}.Debug|Any CPU.Build.0 = Debug|Any CPU
		{EAFAF513-1E76-43E3-87A3-AF11DD6617B3}.Release|Any CPU.ActiveCfg = Release|Any CPU
		{EAFAF513-1E76-43E3-87A3-AF11DD6617B3}.Release|Any CPU.Build.0 = Release|Any CPU
		{025646FF-0274-473C-92FA-AC93603CE3B7}.Debug|Any CPU.ActiveCfg = Debug|Any CPU
		{025646FF-0274-473C-92FA-AC93603CE3B7}.Debug|Any CPU.Build.0 = Debug|Any CPU
		{025646FF-0274-473C-92FA-AC93603CE3B7}.Release|Any CPU.ActiveCfg = Release|Any CPU
		{025646FF-0274-473C-92FA-AC93603CE3B7}.Release|Any CPU.Build.0 = Release|Any CPU
		{F80E1C75-436D-4D25-A0DF-470C6C1C7D37}.Debug|Any CPU.ActiveCfg = Debug|Any CPU
		{F80E1C75-436D-4D25-A0DF-470C6C1C7D37}.Debug|Any CPU.Build.0 = Debug|Any CPU
		{F80E1C75-436D-4D25-A0DF-470C6C1C7D37}.Release|Any CPU.ActiveCfg = Release|Any CPU
		{F80E1C75-436D-4D25-A0DF-470C6C1C7D37}.Release|Any CPU.Build.0 = Release|Any CPU
		{2624B735-5A3E-43C1-AC51-01B601D4650D}.Debug|Any CPU.ActiveCfg = Debug|Any CPU
		{2624B735-5A3E-43C1-AC51-01B601D4650D}.Debug|Any CPU.Build.0 = Debug|Any CPU
		{2624B735-5A3E-43C1-AC51-01B601D4650D}.Release|Any CPU.ActiveCfg = Release|Any CPU
		{2624B735-5A3E-43C1-AC51-01B601D4650D}.Release|Any CPU.Build.0 = Release|Any CPU
		{80684B72-0FEB-4DE7-9102-6B22FDB79B79}.Debug|Any CPU.ActiveCfg = Debug|Any CPU
		{80684B72-0FEB-4DE7-9102-6B22FDB79B79}.Debug|Any CPU.Build.0 = Debug|Any CPU
		{80684B72-0FEB-4DE7-9102-6B22FDB79B79}.Release|Any CPU.ActiveCfg = Release|Any CPU
		{80684B72-0FEB-4DE7-9102-6B22FDB79B79}.Release|Any CPU.Build.0 = Release|Any CPU
	EndGlobalSection
	GlobalSection(SolutionProperties) = preSolution
		HideSolutionNode = FALSE
	EndGlobalSection
	GlobalSection(NestedProjects) = preSolution
		{30057D57-8059-4BEF-A4AC-6E3F67462790} = {109FEEE1-7A8D-4048-9E6B-6B283E5F0D2A}
		{60DD9331-EEBE-4130-8197-F8F9F5103B9E} = {109FEEE1-7A8D-4048-9E6B-6B283E5F0D2A}
		{266D922A-CDDE-4D23-B3EA-A39D83B9CF7E} = {109FEEE1-7A8D-4048-9E6B-6B283E5F0D2A}
		{EAFAF513-1E76-43E3-87A3-AF11DD6617B3} = {109FEEE1-7A8D-4048-9E6B-6B283E5F0D2A}
		{2624B735-5A3E-43C1-AC51-01B601D4650D} = {77FF0F94-8027-4001-BF42-7A23578B54F6}
		{80684B72-0FEB-4DE7-9102-6B22FDB79B79} = {77FF0F94-8027-4001-BF42-7A23578B54F6}
	EndGlobalSection
	GlobalSection(ExtensibilityGlobals) = postSolution
		SolutionGuid = {58ED7149-F593-4603-91F3-79D46A7982A0}
	EndGlobalSection
EndGlobal
