
Microsoft Visual Studio Solution File, Format Version 12.00
# Visual Studio 15
VisualStudioVersion = 15.0.28307.168
MinimumVisualStudioVersion = 10.0.40219.1
Project("{FAE04EC0-301F-11D3-BF4B-00C04F79EFBC}") = "HelloWorld", "HelloWorld\HelloWorld.csproj", "{507449F5-ED85-49AA-9904-FF521754762D}"
EndProject
Project("{FAE04EC0-301F-11D3-BF4B-00C04F79EFBC}") = "Ratespiel", "Ratespiel\Ratespiel.csproj", "{B887BF82-0BAE-41D9-A7F0-1C7E17263DC8}"
EndProject
Project("{FAE04EC0-301F-11D3-BF4B-00C04F79EFBC}") = "Lotto", "Lotto\Lotto.csproj", "{A287161E-9A1D-4D51-8844-2FCD0430A1DC}"
EndProject
Project("{FAE04EC0-301F-11D3-BF4B-00C04F79EFBC}") = "Taschenrechner", "Taschenrechner\Taschenrechner.csproj", "{CDCEB4EB-E4A8-45D0-809C-B133CC680438}"
EndProject
Project("{FAE04EC0-301F-11D3-BF4B-00C04F79EFBC}") = "RaumKlassen", "RaumKlassen\RaumKlassen.csproj", "{474020C8-C130-4A20-8B78-010C6FF3B262}"
EndProject
Project("{FAE04EC0-301F-11D3-BF4B-00C04F79EFBC}") = "Hochzeitssimulator", "Hochzeitssimulator\Hochzeitssimulator.csproj", "{4D13C9EC-B40E-4F55-A06C-16D5B7C35C3C}"
EndProject
Global
	GlobalSection(SolutionConfigurationPlatforms) = preSolution
		Debug|Any CPU = Debug|Any CPU
		Release|Any CPU = Release|Any CPU
	EndGlobalSection
	GlobalSection(ProjectConfigurationPlatforms) = postSolution
		{507449F5-ED85-49AA-9904-FF521754762D}.Debug|Any CPU.ActiveCfg = Debug|Any CPU
		{507449F5-ED85-49AA-9904-FF521754762D}.Debug|Any CPU.Build.0 = Debug|Any CPU
		{507449F5-ED85-49AA-9904-FF521754762D}.Release|Any CPU.ActiveCfg = Release|Any CPU
		{507449F5-ED85-49AA-9904-FF521754762D}.Release|Any CPU.Build.0 = Release|Any CPU
		{B887BF82-0BAE-41D9-A7F0-1C7E17263DC8}.Debug|Any CPU.ActiveCfg = Debug|Any CPU
		{B887BF82-0BAE-41D9-A7F0-1C7E17263DC8}.Debug|Any CPU.Build.0 = Debug|Any CPU
		{B887BF82-0BAE-41D9-A7F0-1C7E17263DC8}.Release|Any CPU.ActiveCfg = Release|Any CPU
		{B887BF82-0BAE-41D9-A7F0-1C7E17263DC8}.Release|Any CPU.Build.0 = Release|Any CPU
		{A287161E-9A1D-4D51-8844-2FCD0430A1DC}.Debug|Any CPU.ActiveCfg = Debug|Any CPU
		{A287161E-9A1D-4D51-8844-2FCD0430A1DC}.Debug|Any CPU.Build.0 = Debug|Any CPU
		{A287161E-9A1D-4D51-8844-2FCD0430A1DC}.Release|Any CPU.ActiveCfg = Release|Any CPU
		{A287161E-9A1D-4D51-8844-2FCD0430A1DC}.Release|Any CPU.Build.0 = Release|Any CPU
		{CDCEB4EB-E4A8-45D0-809C-B133CC680438}.Debug|Any CPU.ActiveCfg = Debug|Any CPU
		{CDCEB4EB-E4A8-45D0-809C-B133CC680438}.Debug|Any CPU.Build.0 = Debug|Any CPU
		{CDCEB4EB-E4A8-45D0-809C-B133CC680438}.Release|Any CPU.ActiveCfg = Release|Any CPU
		{CDCEB4EB-E4A8-45D0-809C-B133CC680438}.Release|Any CPU.Build.0 = Release|Any CPU
		{474020C8-C130-4A20-8B78-010C6FF3B262}.Debug|Any CPU.ActiveCfg = Debug|Any CPU
		{474020C8-C130-4A20-8B78-010C6FF3B262}.Debug|Any CPU.Build.0 = Debug|Any CPU
		{474020C8-C130-4A20-8B78-010C6FF3B262}.Release|Any CPU.ActiveCfg = Release|Any CPU
		{474020C8-C130-4A20-8B78-010C6FF3B262}.Release|Any CPU.Build.0 = Release|Any CPU
		{4D13C9EC-B40E-4F55-A06C-16D5B7C35C3C}.Debug|Any CPU.ActiveCfg = Debug|Any CPU
		{4D13C9EC-B40E-4F55-A06C-16D5B7C35C3C}.Debug|Any CPU.Build.0 = Debug|Any CPU
		{4D13C9EC-B40E-4F55-A06C-16D5B7C35C3C}.Release|Any CPU.ActiveCfg = Release|Any CPU
		{4D13C9EC-B40E-4F55-A06C-16D5B7C35C3C}.Release|Any CPU.Build.0 = Release|Any CPU
	EndGlobalSection
	GlobalSection(SolutionProperties) = preSolution
		HideSolutionNode = FALSE
	EndGlobalSection
	GlobalSection(ExtensibilityGlobals) = postSolution
		SolutionGuid = {58ED7149-F593-4603-91F3-79D46A7982A0}
	EndGlobalSection
EndGlobal
